
Microsoft Visual Studio Solution File, Format Version 12.00
# Visual Studio Version 16
VisualStudioVersion = 16.0.29123.88
MinimumVisualStudioVersion = 10.0.40219.1
Project("{FAE04EC0-301F-11D3-BF4B-00C04F79EFBC}") = "ErrorLogger", "ErrorLogger\ErrorLogger.csproj", "{C745ACFB-0081-4CF6-BB4E-C2B1DE59DF19}"
EndProject
Global
	GlobalSection(SolutionConfigurationPlatforms) = preSolution
		Debug|Any CPU = Debug|Any CPU
		Release|Any CPU = Release|Any CPU
	EndGlobalSection
	GlobalSection(ProjectConfigurationPlatforms) = postSolution
		{C745ACFB-0081-4CF6-BB4E-C2B1DE59DF19}.Debug|Any CPU.ActiveCfg = Debug|Any CPU
		{C745ACFB-0081-4CF6-BB4E-C2B1DE59DF19}.Debug|Any CPU.Build.0 = Debug|Any CPU
		{C745ACFB-0081-4CF6-BB4E-C2B1DE59DF19}.Release|Any CPU.ActiveCfg = Release|Any CPU
		{C745ACFB-0081-4CF6-BB4E-C2B1DE59DF19}.Release|Any CPU.Build.0 = Release|Any CPU
	EndGlobalSection
	GlobalSection(SolutionProperties) = preSolution
		HideSolutionNode = FALSE
	EndGlobalSection
	GlobalSection(ExtensibilityGlobals) = postSolution
		SolutionGuid = {0E767163-75F9-420A-80EB-320429543CAD}
	EndGlobalSection
EndGlobal
