
Microsoft Visual Studio Solution File, Format Version 12.00
# Visual Studio Version 16
VisualStudioVersion = 16.0.29123.88
MinimumVisualStudioVersion = 10.0.40219.1
Project("{FAE04EC0-301F-11D3-BF4B-00C04F79EFBC}") = "ControllerFix", "ControllerFix\ControllerFix.csproj", "{A6A9C071-B39E-44C0-ACAB-B0CF70B4A0AB}"
EndProject
Project("{FAE04EC0-301F-11D3-BF4B-00C04F79EFBC}") = "SmoothThrust", "SmoothThrust\SmoothThrust.csproj", "{A25D9268-4573-43CD-9B4B-B6D4B1CCE6DC}"
EndProject
Project("{FAE04EC0-301F-11D3-BF4B-00C04F79EFBC}") = "TAIcheat", "TAIcheat\TAIcheat.csproj", "{D0053C41-6F3B-4C90-B5E3-CCFCC8808A3D}"
EndProject
Global
	GlobalSection(SolutionConfigurationPlatforms) = preSolution
		Debug|Any CPU = Debug|Any CPU
		Release|Any CPU = Release|Any CPU
	EndGlobalSection
	GlobalSection(ProjectConfigurationPlatforms) = postSolution
		{A6A9C071-B39E-44C0-ACAB-B0CF70B4A0AB}.Debug|Any CPU.ActiveCfg = Debug|Any CPU
		{A6A9C071-B39E-44C0-ACAB-B0CF70B4A0AB}.Debug|Any CPU.Build.0 = Debug|Any CPU
		{A6A9C071-B39E-44C0-ACAB-B0CF70B4A0AB}.Release|Any CPU.ActiveCfg = Release|Any CPU
		{A6A9C071-B39E-44C0-ACAB-B0CF70B4A0AB}.Release|Any CPU.Build.0 = Release|Any CPU
		{A25D9268-4573-43CD-9B4B-B6D4B1CCE6DC}.Debug|Any CPU.ActiveCfg = Debug|Any CPU
		{A25D9268-4573-43CD-9B4B-B6D4B1CCE6DC}.Debug|Any CPU.Build.0 = Debug|Any CPU
		{A25D9268-4573-43CD-9B4B-B6D4B1CCE6DC}.Release|Any CPU.ActiveCfg = Release|Any CPU
		{A25D9268-4573-43CD-9B4B-B6D4B1CCE6DC}.Release|Any CPU.Build.0 = Release|Any CPU
		{D0053C41-6F3B-4C90-B5E3-CCFCC8808A3D}.Debug|Any CPU.ActiveCfg = Debug|Any CPU
		{D0053C41-6F3B-4C90-B5E3-CCFCC8808A3D}.Debug|Any CPU.Build.0 = Debug|Any CPU
		{D0053C41-6F3B-4C90-B5E3-CCFCC8808A3D}.Release|Any CPU.ActiveCfg = Release|Any CPU
		{D0053C41-6F3B-4C90-B5E3-CCFCC8808A3D}.Release|Any CPU.Build.0 = Release|Any CPU
	EndGlobalSection
	GlobalSection(SolutionProperties) = preSolution
		HideSolutionNode = FALSE
	EndGlobalSection
	GlobalSection(ExtensibilityGlobals) = postSolution
		SolutionGuid = {0E767163-75F9-420A-80EB-320429543CAD}
	EndGlobalSection
EndGlobal
